
Microsoft Visual Studio Solution File, Format Version 12.00
Project("{FAE04EC0-301F-11D3-BF4B-00C04F79EFBC}") = "Exercise02", "Exercise02\Exercise02.csproj", "{5BED6179-5214-4BCD-AF8A-225457136BB3}"
EndProject
Project("{FAE04EC0-301F-11D3-BF4B-00C04F79EFBC}") = "Exercise03", "Exercise03\Exercise03.csproj", "{539A52A9-97B8-4B63-B0D3-36A84212C789}"
EndProject
Project("{FAE04EC0-301F-11D3-BF4B-00C04F79EFBC}") = "Exercise01", "Exercise01\Exercise01.csproj", "{CB8E66CE-3552-4519-81CA-841538BBAF5F}"
EndProject
Project("{FAE04EC0-301F-11D3-BF4B-00C04F79EFBC}") = "Exercise04", "Exercise04\Exercise04.csproj", "{2AB4B3FE-6315-4C13-B79E-0565F1B2953A}"
EndProject
Project("{FAE04EC0-301F-11D3-BF4B-00C04F79EFBC}") = "Exercise05", "Exercise05\Exercise05.csproj", "{9F8BCB70-062A-4C73-A1C6-29AB036B3166}"
EndProject
Project("{FAE04EC0-301F-11D3-BF4B-00C04F79EFBC}") = "Exercise06", "Exercise06\Exercise06.csproj", "{3EFF00D2-8880-4C94-890E-B4EFBB726D7F}"
EndProject
Project("{FAE04EC0-301F-11D3-BF4B-00C04F79EFBC}") = "Exercise07", "Exercise07\Exercise07.csproj", "{692FA049-99FA-44EF-8495-DB3FB10CA96C}"
EndProject
Project("{FAE04EC0-301F-11D3-BF4B-00C04F79EFBC}") = "Exercise08", "Exercise08\Exercise08.csproj", "{62CA7916-283B-44E0-860B-EC6281EAB7D7}"
EndProject
Global
	GlobalSection(SolutionConfigurationPlatforms) = preSolution
		Debug|Any CPU = Debug|Any CPU
		Release|Any CPU = Release|Any CPU
	EndGlobalSection
	GlobalSection(ProjectConfigurationPlatforms) = postSolution
		{5BED6179-5214-4BCD-AF8A-225457136BB3}.Debug|Any CPU.ActiveCfg = Debug|Any CPU
		{5BED6179-5214-4BCD-AF8A-225457136BB3}.Debug|Any CPU.Build.0 = Debug|Any CPU
		{5BED6179-5214-4BCD-AF8A-225457136BB3}.Release|Any CPU.ActiveCfg = Release|Any CPU
		{5BED6179-5214-4BCD-AF8A-225457136BB3}.Release|Any CPU.Build.0 = Release|Any CPU
		{539A52A9-97B8-4B63-B0D3-36A84212C789}.Debug|Any CPU.ActiveCfg = Debug|Any CPU
		{539A52A9-97B8-4B63-B0D3-36A84212C789}.Debug|Any CPU.Build.0 = Debug|Any CPU
		{539A52A9-97B8-4B63-B0D3-36A84212C789}.Release|Any CPU.ActiveCfg = Release|Any CPU
		{539A52A9-97B8-4B63-B0D3-36A84212C789}.Release|Any CPU.Build.0 = Release|Any CPU
		{CB8E66CE-3552-4519-81CA-841538BBAF5F}.Debug|Any CPU.ActiveCfg = Debug|Any CPU
		{CB8E66CE-3552-4519-81CA-841538BBAF5F}.Debug|Any CPU.Build.0 = Debug|Any CPU
		{CB8E66CE-3552-4519-81CA-841538BBAF5F}.Release|Any CPU.ActiveCfg = Release|Any CPU
		{CB8E66CE-3552-4519-81CA-841538BBAF5F}.Release|Any CPU.Build.0 = Release|Any CPU
		{2AB4B3FE-6315-4C13-B79E-0565F1B2953A}.Debug|Any CPU.ActiveCfg = Debug|Any CPU
		{2AB4B3FE-6315-4C13-B79E-0565F1B2953A}.Debug|Any CPU.Build.0 = Debug|Any CPU
		{2AB4B3FE-6315-4C13-B79E-0565F1B2953A}.Release|Any CPU.ActiveCfg = Release|Any CPU
		{2AB4B3FE-6315-4C13-B79E-0565F1B2953A}.Release|Any CPU.Build.0 = Release|Any CPU
		{9F8BCB70-062A-4C73-A1C6-29AB036B3166}.Debug|Any CPU.ActiveCfg = Debug|Any CPU
		{9F8BCB70-062A-4C73-A1C6-29AB036B3166}.Debug|Any CPU.Build.0 = Debug|Any CPU
		{9F8BCB70-062A-4C73-A1C6-29AB036B3166}.Release|Any CPU.ActiveCfg = Release|Any CPU
		{9F8BCB70-062A-4C73-A1C6-29AB036B3166}.Release|Any CPU.Build.0 = Release|Any CPU
		{3EFF00D2-8880-4C94-890E-B4EFBB726D7F}.Debug|Any CPU.ActiveCfg = Debug|Any CPU
		{3EFF00D2-8880-4C94-890E-B4EFBB726D7F}.Debug|Any CPU.Build.0 = Debug|Any CPU
		{3EFF00D2-8880-4C94-890E-B4EFBB726D7F}.Release|Any CPU.ActiveCfg = Release|Any CPU
		{3EFF00D2-8880-4C94-890E-B4EFBB726D7F}.Release|Any CPU.Build.0 = Release|Any CPU
		{692FA049-99FA-44EF-8495-DB3FB10CA96C}.Debug|Any CPU.ActiveCfg = Debug|Any CPU
		{692FA049-99FA-44EF-8495-DB3FB10CA96C}.Debug|Any CPU.Build.0 = Debug|Any CPU
		{692FA049-99FA-44EF-8495-DB3FB10CA96C}.Release|Any CPU.ActiveCfg = Release|Any CPU
		{692FA049-99FA-44EF-8495-DB3FB10CA96C}.Release|Any CPU.Build.0 = Release|Any CPU
		{62CA7916-283B-44E0-860B-EC6281EAB7D7}.Debug|Any CPU.ActiveCfg = Debug|Any CPU
		{62CA7916-283B-44E0-860B-EC6281EAB7D7}.Debug|Any CPU.Build.0 = Debug|Any CPU
		{62CA7916-283B-44E0-860B-EC6281EAB7D7}.Release|Any CPU.ActiveCfg = Release|Any CPU
		{62CA7916-283B-44E0-860B-EC6281EAB7D7}.Release|Any CPU.Build.0 = Release|Any CPU
	EndGlobalSection
EndGlobal
